
Microsoft Visual Studio Solution File, Format Version 12.00
# Visual Studio Version 16
VisualStudioVersion = 16.0.31702.278
MinimumVisualStudioVersion = 10.0.40219.1
Project("{FAE04EC0-301F-11D3-BF4B-00C04F79EFBC}") = "InspirationTechAssessment", "InspirationTechAssessment\InspirationTechAssessment.csproj", "{D915A1AE-E852-47D3-AE38-0413E0060084}"
EndProject
Project("{FAE04EC0-301F-11D3-BF4B-00C04F79EFBC}") = "InspirationTechAssessment.Tests", "InspirationTechAssessment.Tests\InspirationTechAssessment.Tests.csproj", "{77A02C43-83F2-4440-9E1C-0AC0E41345CA}"
EndProject
Global
	GlobalSection(SolutionConfigurationPlatforms) = preSolution
		Debug|Any CPU = Debug|Any CPU
		Release|Any CPU = Release|Any CPU
	EndGlobalSection
	GlobalSection(ProjectConfigurationPlatforms) = postSolution
		{D915A1AE-E852-47D3-AE38-0413E0060084}.Debug|Any CPU.ActiveCfg = Debug|Any CPU
		{D915A1AE-E852-47D3-AE38-0413E0060084}.Debug|Any CPU.Build.0 = Debug|Any CPU
		{D915A1AE-E852-47D3-AE38-0413E0060084}.Release|Any CPU.ActiveCfg = Release|Any CPU
		{D915A1AE-E852-47D3-AE38-0413E0060084}.Release|Any CPU.Build.0 = Release|Any CPU
		{77A02C43-83F2-4440-9E1C-0AC0E41345CA}.Debug|Any CPU.ActiveCfg = Debug|Any CPU
		{77A02C43-83F2-4440-9E1C-0AC0E41345CA}.Debug|Any CPU.Build.0 = Debug|Any CPU
		{77A02C43-83F2-4440-9E1C-0AC0E41345CA}.Release|Any CPU.ActiveCfg = Release|Any CPU
		{77A02C43-83F2-4440-9E1C-0AC0E41345CA}.Release|Any CPU.Build.0 = Release|Any CPU
	EndGlobalSection
	GlobalSection(SolutionProperties) = preSolution
		HideSolutionNode = FALSE
	EndGlobalSection
	GlobalSection(ExtensibilityGlobals) = postSolution
		SolutionGuid = {F5D6ADEA-BF21-458B-B3F8-60E1894910F1}
	EndGlobalSection
EndGlobal
